{
  "name": "hackathon_test_2024",
  "version": "1.0.0",
  "lockfileVersion": 2,
  "requires": true,
  "packages": {
    "": {
      "name": "hackathon_test_2024",
      "version": "1.0.0",
      "license": "ISC",
      "dependencies": {
        "abcjs": "^6.3.0"
      }
    },
    "node_modules/abcjs": {
      "version": "6.3.0",
      "resolved": "https://neural-magic-private-498127099666.d.codeartifact.us-east-1.amazonaws.com/npm/nm-js/abcjs/-/abcjs-6.3.0.tgz",
      "integrity": "sha512-cXYvACLCJ/PGMh2LLtRB8Ks+tDbDySTaNNPXFsChBIFoscZFoTE4Ks4JIYru2nELjZujZBnfN0Syk5VLtzJuMQ==",
      "funding": {
        "type": "github",
        "url": "https://github.com/sponsors/paulrosen"
      }
    }
  },
  "dependencies": {
    "abcjs": {
      "version": "6.3.0",
      "resolved": "https://neural-magic-private-498127099666.d.codeartifact.us-east-1.amazonaws.com/npm/nm-js/abcjs/-/abcjs-6.3.0.tgz",
      "integrity": "sha512-cXYvACLCJ/PGMh2LLtRB8Ks+tDbDySTaNNPXFsChBIFoscZFoTE4Ks4JIYru2nELjZujZBnfN0Syk5VLtzJuMQ=="
    }
  }
}
